{
  "name": "kafka-tut",
  "version": "1.0.0",
  "lockfileVersion": 2,
  "requires": true,
  "packages": {
    "": {
      "name": "kafka-tut",
      "version": "1.0.0",
      "license": "MIT",
      "dependencies": {
        "avsc": "^5.7.3",
        "node-rdkafka": "^2.12.0"
      }
    },
    "node_modules/avsc": {
      "version": "5.7.3",
      "resolved": "https://registry.npmjs.org/avsc/-/avsc-5.7.3.tgz",
      "integrity": "sha512-uUbetCWczQHbsKyX1C99XpQHBM8SWfovvaZhPIj23/1uV7SQf0WeRZbiLpw0JZm+LHTChfNgrLfDJOVoU2kU+A==",
      "engines": {
        "node": ">=0.11"
      }
    },
    "node_modules/bindings": {
      "version": "1.5.0",
      "license": "MIT",
      "dependencies": {
        "file-uri-to-path": "1.0.0"
      }
    },
    "node_modules/file-uri-to-path": {
      "version": "1.0.0",
      "license": "MIT"
    },
    "node_modules/nan": {
      "version": "2.15.0",
      "license": "MIT"
    },
    "node_modules/node-rdkafka": {
      "version": "2.12.0",
      "resolved": "https://registry.npmjs.org/node-rdkafka/-/node-rdkafka-2.12.0.tgz",
      "integrity": "sha512-Wda7AQP+Bo8AhJDSAWTxSD8CsaJnirM+2whlKKP0mOO/I3iz9yoq/JQ2k1DGQ3BSEwXmg8adK064+ThjvCuOpw==",
      "hasInstallScript": true,
      "dependencies": {
        "bindings": "^1.3.1",
        "nan": "^2.14.0"
      },
      "engines": {
        "node": ">=6.0.0"
      }
    }
  },
  "dependencies": {
    "avsc": {
      "version": "5.7.3",
      "resolved": "https://registry.npmjs.org/avsc/-/avsc-5.7.3.tgz",
      "integrity": "sha512-uUbetCWczQHbsKyX1C99XpQHBM8SWfovvaZhPIj23/1uV7SQf0WeRZbiLpw0JZm+LHTChfNgrLfDJOVoU2kU+A=="
    },
    "bindings": {
      "version": "1.5.0",
      "requires": {
        "file-uri-to-path": "1.0.0"
      }
    },
    "file-uri-to-path": {
      "version": "1.0.0"
    },
    "nan": {
      "version": "2.15.0"
    },
    "node-rdkafka": {
      "version": "2.12.0",
      "resolved": "https://registry.npmjs.org/node-rdkafka/-/node-rdkafka-2.12.0.tgz",
      "integrity": "sha512-Wda7AQP+Bo8AhJDSAWTxSD8CsaJnirM+2whlKKP0mOO/I3iz9yoq/JQ2k1DGQ3BSEwXmg8adK064+ThjvCuOpw==",
      "requires": {
        "bindings": "^1.3.1",
        "nan": "^2.14.0"
      }
    }
  }
}
